// !$*UTF8*$!
{
	archiveVersion = 1;
	classes = {
	};
	objectVersion = 56;
	objects = {

/* Begin PBXBuildFile section */
		TF0000000000000000000401 /* WatchLinkReceiver.swift in Sources */ = {isa = PBXBuildFile; fileRef = TF0000000000000000000250 /* WatchLinkReceiver.swift */; };
		TF0000000000000000000402 /* TodayView.swift in Sources */ = {isa = PBXBuildFile; fileRef = TF0000000000000000000251 /* TodayView.swift */; };
		TF0000000000000000000403 /* OneThingView.swift in Sources */ = {isa = PBXBuildFile; fileRef = TF0000000000000000000252 /* OneThingView.swift */; };
		TF0000000000000000000404 /* ListPickerView.swift in Sources */ = {isa = PBXBuildFile; fileRef = TF0000000000000000000253 /* ListPickerView.swift */; };
		TF0000000000000000000405 /* WatchStore.swift in Sources */ = {isa = PBXBuildFile; fileRef = TF0000000000000000000254 /* WatchStore.swift */; };
		TF0000000000000000000406 /* WatchHaptics.swift in Sources */ = {isa = PBXBuildFile; fileRef = TF0000000000000000000255 /* WatchHaptics.swift */; };
		TF0000000000000000000407 /* WatchTheme.swift in Sources */ = {isa = PBXBuildFile; fileRef = TF0000000000000000000256 /* WatchTheme.swift */; };
		TF0000000000000000000408 /* WatchDictation.swift in Sources */ = {isa = PBXBuildFile; fileRef = TF0000000000000000000257 /* WatchDictation.swift */; };
		TF0000000000000000000409 /* AddFlowView.swift in Sources */ = {isa = PBXBuildFile; fileRef = TF0000000000000000000258 /* AddFlowView.swift */; };
		TF0000000000000000000410 /* WatchSnapshot.swift in Sources */ = {isa = PBXBuildFile; fileRef = TF0000000000000000000259 /* WatchSnapshot.swift */; };
		TF0000000000000000000411 /* AddToTodaysFive.swift in Sources */ = {isa = PBXBuildFile; fileRef = TF0000000000000000000260 /* AddToTodaysFive.swift */; };
		TF0000000000000000000412 /* TodaysFiveShortcuts.swift in Sources */ = {isa = PBXBuildFile; fileRef = TF0000000000000000000261 /* TodaysFiveShortcuts.swift */; };
		TF0000000000000000000413 /* KeychainLinkVault.swift in Sources */ = {isa = PBXBuildFile; fileRef = TF0000000000000000000005 /* KeychainLinkVault.swift */; };
		TF0000000000000000000420 /* WatchLinkSender.swift in Sources */ = {isa = PBXBuildFile; fileRef = TF0000000000000000000262 /* WatchLinkSender.swift */; };
		TF0000000000000000000421 /* AddToTodaysFive.swift in Sources */ = {isa = PBXBuildFile; fileRef = TF0000000000000000000260 /* AddToTodaysFive.swift */; };
		TF0000000000000000000422 /* TodaysFiveShortcuts.swift in Sources */ = {isa = PBXBuildFile; fileRef = TF0000000000000000000261 /* TodaysFiveShortcuts.swift */; };
		TF0000000000000000000430 /* Complications.swift in Sources */ = {isa = PBXBuildFile; fileRef = TF0000000000000000000300 /* Complications.swift */; };
		TF0000000000000000000431 /* ComplicationsProvider.swift in Sources */ = {isa = PBXBuildFile; fileRef = TF0000000000000000000301 /* ComplicationsProvider.swift */; };
		TF0000000000000000000432 /* ComplicationsIntent.swift in Sources */ = {isa = PBXBuildFile; fileRef = TF0000000000000000000302 /* ComplicationsIntent.swift */; };
		TF0000000000000000000433 /* WatchSnapshot.swift in Sources */ = {isa = PBXBuildFile; fileRef = TF0000000000000000000259 /* WatchSnapshot.swift */; };
		TF0000000000000000000434 /* Assets.xcassets in Resources */ = {isa = PBXBuildFile; fileRef = TF0000000000000000000303 /* Assets.xcassets */; };
		TF0000000000000000000435 /* TodaysFiveComplications.appex in Embed Foundation Extensions */ = {isa = PBXBuildFile; fileRef = TF0000000000000000000306 /* TodaysFiveComplications.appex */; settings = {ATTRIBUTES = (RemoveHeadersOnCopy, ); }; };
		TF0000000000000000000201 /* WatchApp.swift in Sources */ = {isa = PBXBuildFile; fileRef = TF0000000000000000000210 /* WatchApp.swift */; };
		TF0000000000000000000202 /* Assets.xcassets in Resources */ = {isa = PBXBuildFile; fileRef = TF0000000000000000000211 /* Assets.xcassets */; };
		TF0000000000000000000203 /* TodaysFiveCore in Frameworks */ = {isa = PBXBuildFile; productRef = TF0000000000000000000231 /* TodaysFiveCore */; };
		TF0000000000000000000204 /* TodaysFiveWatch.app in Embed Watch Content */ = {isa = PBXBuildFile; fileRef = TF0000000000000000000213 /* TodaysFiveWatch.app */; settings = {ATTRIBUTES = (RemoveHeadersOnCopy, ); }; };
		TF0000000000000000000101 /* App.swift in Sources */ = {isa = PBXBuildFile; fileRef = TF0000000000000000000001 /* App.swift */; };
		TF0000000000000000000102 /* WebViewController.swift in Sources */ = {isa = PBXBuildFile; fileRef = TF0000000000000000000002 /* WebViewController.swift */; };
		TF0000000000000000000103 /* Haptics.swift in Sources */ = {isa = PBXBuildFile; fileRef = TF0000000000000000000003 /* Haptics.swift */; };
		TF0000000000000000000104 /* Audio.swift in Sources */ = {isa = PBXBuildFile; fileRef = TF0000000000000000000004 /* Audio.swift */; };
		TF0000000000000000000105 /* KeychainLinkVault.swift in Sources */ = {isa = PBXBuildFile; fileRef = TF0000000000000000000005 /* KeychainLinkVault.swift */; };
		TF0000000000000000000106 /* Assets.xcassets in Resources */ = {isa = PBXBuildFile; fileRef = TF0000000000000000000006 /* Assets.xcassets */; };
		TF0000000000000000000107 /* TodaysFiveCore in Frameworks */ = {isa = PBXBuildFile; productRef = TF0000000000000000000032 /* TodaysFiveCore */; };
		TF0000000000000000000436 /* archivo-500.ttf in Resources */ = {isa = PBXBuildFile; fileRef = TF0000000000000000000264 /* archivo-500.ttf */; };
		TF0000000000000000000437 /* archivo-800.ttf in Resources */ = {isa = PBXBuildFile; fileRef = TF0000000000000000000265 /* archivo-800.ttf */; };
		TF0000000000000000000438 /* baloo-2-700.ttf in Resources */ = {isa = PBXBuildFile; fileRef = TF0000000000000000000266 /* baloo-2-700.ttf */; };
		TF0000000000000000000439 /* cormorant-garamond-700.ttf in Resources */ = {isa = PBXBuildFile; fileRef = TF0000000000000000000267 /* cormorant-garamond-700.ttf */; };
		TF0000000000000000000440 /* dm-sans-400.ttf in Resources */ = {isa = PBXBuildFile; fileRef = TF0000000000000000000268 /* dm-sans-400.ttf */; };
		TF0000000000000000000441 /* dm-sans-700.ttf in Resources */ = {isa = PBXBuildFile; fileRef = TF0000000000000000000269 /* dm-sans-700.ttf */; };
		TF0000000000000000000442 /* dm-serif-display-400.ttf in Resources */ = {isa = PBXBuildFile; fileRef = TF0000000000000000000270 /* dm-serif-display-400.ttf */; };
		TF0000000000000000000443 /* fraunces-600.ttf in Resources */ = {isa = PBXBuildFile; fileRef = TF0000000000000000000271 /* fraunces-600.ttf */; };
		TF0000000000000000000444 /* fredoka-600.ttf in Resources */ = {isa = PBXBuildFile; fileRef = TF0000000000000000000272 /* fredoka-600.ttf */; };
		TF0000000000000000000445 /* ibm-plex-mono-400.ttf in Resources */ = {isa = PBXBuildFile; fileRef = TF0000000000000000000273 /* ibm-plex-mono-400.ttf */; };
		TF0000000000000000000446 /* ibm-plex-mono-600.ttf in Resources */ = {isa = PBXBuildFile; fileRef = TF0000000000000000000274 /* ibm-plex-mono-600.ttf */; };
		TF0000000000000000000447 /* ibm-plex-sans-400.ttf in Resources */ = {isa = PBXBuildFile; fileRef = TF0000000000000000000275 /* ibm-plex-sans-400.ttf */; };
		TF0000000000000000000448 /* ibm-plex-sans-600.ttf in Resources */ = {isa = PBXBuildFile; fileRef = TF0000000000000000000276 /* ibm-plex-sans-600.ttf */; };
		TF0000000000000000000449 /* jetbrains-mono-800.ttf in Resources */ = {isa = PBXBuildFile; fileRef = TF0000000000000000000277 /* jetbrains-mono-800.ttf */; };
		TF0000000000000000000450 /* josefin-sans-400.ttf in Resources */ = {isa = PBXBuildFile; fileRef = TF0000000000000000000278 /* josefin-sans-400.ttf */; };
		TF0000000000000000000451 /* josefin-sans-700.ttf in Resources */ = {isa = PBXBuildFile; fileRef = TF0000000000000000000279 /* josefin-sans-700.ttf */; };
		TF0000000000000000000452 /* karla-400.ttf in Resources */ = {isa = PBXBuildFile; fileRef = TF0000000000000000000280 /* karla-400.ttf */; };
		TF0000000000000000000453 /* karla-700.ttf in Resources */ = {isa = PBXBuildFile; fileRef = TF0000000000000000000281 /* karla-700.ttf */; };
		TF0000000000000000000454 /* lato-900.ttf in Resources */ = {isa = PBXBuildFile; fileRef = TF0000000000000000000282 /* lato-900.ttf */; };
		TF0000000000000000000455 /* lora-700.ttf in Resources */ = {isa = PBXBuildFile; fileRef = TF0000000000000000000283 /* lora-700.ttf */; };
		TF0000000000000000000456 /* manrope-500.ttf in Resources */ = {isa = PBXBuildFile; fileRef = TF0000000000000000000284 /* manrope-500.ttf */; };
		TF0000000000000000000457 /* manrope-800.ttf in Resources */ = {isa = PBXBuildFile; fileRef = TF0000000000000000000285 /* manrope-800.ttf */; };
		TF0000000000000000000458 /* nunito-sans-400.ttf in Resources */ = {isa = PBXBuildFile; fileRef = TF0000000000000000000286 /* nunito-sans-400.ttf */; };
		TF0000000000000000000459 /* nunito-sans-700.ttf in Resources */ = {isa = PBXBuildFile; fileRef = TF0000000000000000000287 /* nunito-sans-700.ttf */; };
		TF0000000000000000000460 /* outfit-800.ttf in Resources */ = {isa = PBXBuildFile; fileRef = TF0000000000000000000288 /* outfit-800.ttf */; };
		TF0000000000000000000461 /* playfair-display-800.ttf in Resources */ = {isa = PBXBuildFile; fileRef = TF0000000000000000000289 /* playfair-display-800.ttf */; };
		TF0000000000000000000462 /* pt-sans-400.ttf in Resources */ = {isa = PBXBuildFile; fileRef = TF0000000000000000000290 /* pt-sans-400.ttf */; };
		TF0000000000000000000463 /* pt-sans-700.ttf in Resources */ = {isa = PBXBuildFile; fileRef = TF0000000000000000000291 /* pt-sans-700.ttf */; };
		TF0000000000000000000464 /* quicksand-500.ttf in Resources */ = {isa = PBXBuildFile; fileRef = TF0000000000000000000292 /* quicksand-500.ttf */; };
		TF0000000000000000000465 /* quicksand-700.ttf in Resources */ = {isa = PBXBuildFile; fileRef = TF0000000000000000000293 /* quicksand-700.ttf */; };
		TF0000000000000000000466 /* source-serif-4-400.ttf in Resources */ = {isa = PBXBuildFile; fileRef = TF0000000000000000000294 /* source-serif-4-400.ttf */; };
		TF0000000000000000000467 /* source-serif-4-600.ttf in Resources */ = {isa = PBXBuildFile; fileRef = TF0000000000000000000295 /* source-serif-4-600.ttf */; };
		TF0000000000000000000468 /* space-grotesk-700.ttf in Resources */ = {isa = PBXBuildFile; fileRef = TF0000000000000000000296 /* space-grotesk-700.ttf */; };
/* End PBXBuildFile section */

/* Begin PBXCopyFilesBuildPhase section */
		TF0000000000000000000323 /* Embed Foundation Extensions */ = {
			isa = PBXCopyFilesBuildPhase;
			buildActionMask = 2147483647;
			dstPath = "";
			dstSubfolderSpec = 13;
			files = (
				TF0000000000000000000435 /* TodaysFiveComplications.appex in Embed Foundation Extensions */,
			);
			name = "Embed Foundation Extensions";
			runOnlyForDeploymentPostprocessing = 0;
		};
		TF0000000000000000000224 /* Embed Watch Content */ = {
			isa = PBXCopyFilesBuildPhase;
			buildActionMask = 2147483647;
			dstPath = "$(CONTENTS_FOLDER_PATH)/Watch";
			dstSubfolderSpec = 16;
			files = (
				TF0000000000000000000204 /* TodaysFiveWatch.app in Embed Watch Content */,
			);
			name = "Embed Watch Content";
			runOnlyForDeploymentPostprocessing = 0;
		};
/* End PBXCopyFilesBuildPhase section */

/* Begin PBXFileReference section */
		TF0000000000000000000250 /* WatchLinkReceiver.swift */ = {isa = PBXFileReference; lastKnownFileType = sourcecode.swift; path = WatchLinkReceiver.swift; sourceTree = "<group>"; };
		TF0000000000000000000251 /* TodayView.swift */ = {isa = PBXFileReference; lastKnownFileType = sourcecode.swift; path = TodayView.swift; sourceTree = "<group>"; };
		TF0000000000000000000252 /* OneThingView.swift */ = {isa = PBXFileReference; lastKnownFileType = sourcecode.swift; path = OneThingView.swift; sourceTree = "<group>"; };
		TF0000000000000000000253 /* ListPickerView.swift */ = {isa = PBXFileReference; lastKnownFileType = sourcecode.swift; path = ListPickerView.swift; sourceTree = "<group>"; };
		TF0000000000000000000254 /* WatchStore.swift */ = {isa = PBXFileReference; lastKnownFileType = sourcecode.swift; path = WatchStore.swift; sourceTree = "<group>"; };
		TF0000000000000000000255 /* WatchHaptics.swift */ = {isa = PBXFileReference; lastKnownFileType = sourcecode.swift; path = WatchHaptics.swift; sourceTree = "<group>"; };
		TF0000000000000000000256 /* WatchTheme.swift */ = {isa = PBXFileReference; lastKnownFileType = sourcecode.swift; path = WatchTheme.swift; sourceTree = "<group>"; };
		TF0000000000000000000257 /* WatchDictation.swift */ = {isa = PBXFileReference; lastKnownFileType = sourcecode.swift; path = WatchDictation.swift; sourceTree = "<group>"; };
		TF0000000000000000000258 /* AddFlowView.swift */ = {isa = PBXFileReference; lastKnownFileType = sourcecode.swift; path = AddFlowView.swift; sourceTree = "<group>"; };
		TF0000000000000000000259 /* WatchSnapshot.swift */ = {isa = PBXFileReference; lastKnownFileType = sourcecode.swift; path = WatchSnapshot.swift; sourceTree = "<group>"; };
		TF0000000000000000000260 /* AddToTodaysFive.swift */ = {isa = PBXFileReference; lastKnownFileType = sourcecode.swift; path = AddToTodaysFive.swift; sourceTree = "<group>"; };
		TF0000000000000000000261 /* TodaysFiveShortcuts.swift */ = {isa = PBXFileReference; lastKnownFileType = sourcecode.swift; path = TodaysFiveShortcuts.swift; sourceTree = "<group>"; };
		TF0000000000000000000262 /* WatchLinkSender.swift */ = {isa = PBXFileReference; lastKnownFileType = sourcecode.swift; path = WatchLinkSender.swift; sourceTree = "<group>"; };
		TF0000000000000000000300 /* Complications.swift */ = {isa = PBXFileReference; lastKnownFileType = sourcecode.swift; path = Complications.swift; sourceTree = "<group>"; };
		TF0000000000000000000301 /* ComplicationsProvider.swift */ = {isa = PBXFileReference; lastKnownFileType = sourcecode.swift; path = ComplicationsProvider.swift; sourceTree = "<group>"; };
		TF0000000000000000000302 /* ComplicationsIntent.swift */ = {isa = PBXFileReference; lastKnownFileType = sourcecode.swift; path = ComplicationsIntent.swift; sourceTree = "<group>"; };
		TF0000000000000000000303 /* Assets.xcassets */ = {isa = PBXFileReference; lastKnownFileType = folder.assetcatalog; path = Assets.xcassets; sourceTree = "<group>"; };
		TF0000000000000000000304 /* ComplicationsInfo.plist */ = {isa = PBXFileReference; lastKnownFileType = text.plist.xml; path = ComplicationsInfo.plist; sourceTree = "<group>"; };
		TF0000000000000000000305 /* TodaysFiveComplications.entitlements */ = {isa = PBXFileReference; lastKnownFileType = text.plist.entitlements; path = TodaysFiveComplications.entitlements; sourceTree = "<group>"; };
		TF0000000000000000000263 /* TodaysFiveWatch.entitlements */ = {isa = PBXFileReference; lastKnownFileType = text.plist.entitlements; path = TodaysFiveWatch.entitlements; sourceTree = "<group>"; };
		TF0000000000000000000306 /* TodaysFiveComplications.appex */ = {isa = PBXFileReference; explicitFileType = "wrapper.app-extension"; includeInIndex = 0; path = TodaysFiveComplications.appex; sourceTree = BUILT_PRODUCTS_DIR; };
		TF0000000000000000000210 /* WatchApp.swift */ = {isa = PBXFileReference; lastKnownFileType = sourcecode.swift; path = WatchApp.swift; sourceTree = "<group>"; };
		TF0000000000000000000211 /* Assets.xcassets */ = {isa = PBXFileReference; lastKnownFileType = folder.assetcatalog; path = Assets.xcassets; sourceTree = "<group>"; };
		TF0000000000000000000212 /* WatchInfo.plist */ = {isa = PBXFileReference; lastKnownFileType = text.plist.xml; path = WatchInfo.plist; sourceTree = "<group>"; };
		TF0000000000000000000213 /* TodaysFiveWatch.app */ = {isa = PBXFileReference; explicitFileType = wrapper.application; includeInIndex = 0; path = TodaysFiveWatch.app; sourceTree = BUILT_PRODUCTS_DIR; };
		TF0000000000000000000001 /* App.swift */ = {isa = PBXFileReference; lastKnownFileType = sourcecode.swift; path = App.swift; sourceTree = "<group>"; };
		TF0000000000000000000002 /* WebViewController.swift */ = {isa = PBXFileReference; lastKnownFileType = sourcecode.swift; path = WebViewController.swift; sourceTree = "<group>"; };
		TF0000000000000000000003 /* Haptics.swift */ = {isa = PBXFileReference; lastKnownFileType = sourcecode.swift; path = Haptics.swift; sourceTree = "<group>"; };
		TF0000000000000000000004 /* Audio.swift */ = {isa = PBXFileReference; lastKnownFileType = sourcecode.swift; path = Audio.swift; sourceTree = "<group>"; };
		TF0000000000000000000005 /* KeychainLinkVault.swift */ = {isa = PBXFileReference; lastKnownFileType = sourcecode.swift; path = KeychainLinkVault.swift; sourceTree = "<group>"; };
		TF0000000000000000000006 /* Assets.xcassets */ = {isa = PBXFileReference; lastKnownFileType = folder.assetcatalog; path = Assets.xcassets; sourceTree = "<group>"; };
		TF0000000000000000000007 /* Info.plist */ = {isa = PBXFileReference; lastKnownFileType = text.plist.xml; path = Info.plist; sourceTree = "<group>"; };
		TF0000000000000000000008 /* TodaysFive.entitlements */ = {isa = PBXFileReference; lastKnownFileType = text.plist.entitlements; path = TodaysFive.entitlements; sourceTree = "<group>"; };
		TF0000000000000000000009 /* TodaysFive.app */ = {isa = PBXFileReference; explicitFileType = wrapper.application; includeInIndex = 0; path = TodaysFive.app; sourceTree = BUILT_PRODUCTS_DIR; };
		TF0000000000000000000264 /* archivo-500.ttf */ = {isa = PBXFileReference; lastKnownFileType = file; path = "archivo-500.ttf"; sourceTree = "<group>"; };
		TF0000000000000000000265 /* archivo-800.ttf */ = {isa = PBXFileReference; lastKnownFileType = file; path = "archivo-800.ttf"; sourceTree = "<group>"; };
		TF0000000000000000000266 /* baloo-2-700.ttf */ = {isa = PBXFileReference; lastKnownFileType = file; path = "baloo-2-700.ttf"; sourceTree = "<group>"; };
		TF0000000000000000000267 /* cormorant-garamond-700.ttf */ = {isa = PBXFileReference; lastKnownFileType = file; path = "cormorant-garamond-700.ttf"; sourceTree = "<group>"; };
		TF0000000000000000000268 /* dm-sans-400.ttf */ = {isa = PBXFileReference; lastKnownFileType = file; path = "dm-sans-400.ttf"; sourceTree = "<group>"; };
		TF0000000000000000000269 /* dm-sans-700.ttf */ = {isa = PBXFileReference; lastKnownFileType = file; path = "dm-sans-700.ttf"; sourceTree = "<group>"; };
		TF0000000000000000000270 /* dm-serif-display-400.ttf */ = {isa = PBXFileReference; lastKnownFileType = file; path = "dm-serif-display-400.ttf"; sourceTree = "<group>"; };
		TF0000000000000000000271 /* fraunces-600.ttf */ = {isa = PBXFileReference; lastKnownFileType = file; path = "fraunces-600.ttf"; sourceTree = "<group>"; };
		TF0000000000000000000272 /* fredoka-600.ttf */ = {isa = PBXFileReference; lastKnownFileType = file; path = "fredoka-600.ttf"; sourceTree = "<group>"; };
		TF0000000000000000000273 /* ibm-plex-mono-400.ttf */ = {isa = PBXFileReference; lastKnownFileType = file; path = "ibm-plex-mono-400.ttf"; sourceTree = "<group>"; };
		TF0000000000000000000274 /* ibm-plex-mono-600.ttf */ = {isa = PBXFileReference; lastKnownFileType = file; path = "ibm-plex-mono-600.ttf"; sourceTree = "<group>"; };
		TF0000000000000000000275 /* ibm-plex-sans-400.ttf */ = {isa = PBXFileReference; lastKnownFileType = file; path = "ibm-plex-sans-400.ttf"; sourceTree = "<group>"; };
		TF0000000000000000000276 /* ibm-plex-sans-600.ttf */ = {isa = PBXFileReference; lastKnownFileType = file; path = "ibm-plex-sans-600.ttf"; sourceTree = "<group>"; };
		TF0000000000000000000277 /* jetbrains-mono-800.ttf */ = {isa = PBXFileReference; lastKnownFileType = file; path = "jetbrains-mono-800.ttf"; sourceTree = "<group>"; };
		TF0000000000000000000278 /* josefin-sans-400.ttf */ = {isa = PBXFileReference; lastKnownFileType = file; path = "josefin-sans-400.ttf"; sourceTree = "<group>"; };
		TF0000000000000000000279 /* josefin-sans-700.ttf */ = {isa = PBXFileReference; lastKnownFileType = file; path = "josefin-sans-700.ttf"; sourceTree = "<group>"; };
		TF0000000000000000000280 /* karla-400.ttf */ = {isa = PBXFileReference; lastKnownFileType = file; path = "karla-400.ttf"; sourceTree = "<group>"; };
		TF0000000000000000000281 /* karla-700.ttf */ = {isa = PBXFileReference; lastKnownFileType = file; path = "karla-700.ttf"; sourceTree = "<group>"; };
		TF0000000000000000000282 /* lato-900.ttf */ = {isa = PBXFileReference; lastKnownFileType = file; path = "lato-900.ttf"; sourceTree = "<group>"; };
		TF0000000000000000000283 /* lora-700.ttf */ = {isa = PBXFileReference; lastKnownFileType = file; path = "lora-700.ttf"; sourceTree = "<group>"; };
		TF0000000000000000000284 /* manrope-500.ttf */ = {isa = PBXFileReference; lastKnownFileType = file; path = "manrope-500.ttf"; sourceTree = "<group>"; };
		TF0000000000000000000285 /* manrope-800.ttf */ = {isa = PBXFileReference; lastKnownFileType = file; path = "manrope-800.ttf"; sourceTree = "<group>"; };
		TF0000000000000000000286 /* nunito-sans-400.ttf */ = {isa = PBXFileReference; lastKnownFileType = file; path = "nunito-sans-400.ttf"; sourceTree = "<group>"; };
		TF0000000000000000000287 /* nunito-sans-700.ttf */ = {isa = PBXFileReference; lastKnownFileType = file; path = "nunito-sans-700.ttf"; sourceTree = "<group>"; };
		TF0000000000000000000288 /* outfit-800.ttf */ = {isa = PBXFileReference; lastKnownFileType = file; path = "outfit-800.ttf"; sourceTree = "<group>"; };
		TF0000000000000000000289 /* playfair-display-800.ttf */ = {isa = PBXFileReference; lastKnownFileType = file; path = "playfair-display-800.ttf"; sourceTree = "<group>"; };
		TF0000000000000000000290 /* pt-sans-400.ttf */ = {isa = PBXFileReference; lastKnownFileType = file; path = "pt-sans-400.ttf"; sourceTree = "<group>"; };
		TF0000000000000000000291 /* pt-sans-700.ttf */ = {isa = PBXFileReference; lastKnownFileType = file; path = "pt-sans-700.ttf"; sourceTree = "<group>"; };
		TF0000000000000000000292 /* quicksand-500.ttf */ = {isa = PBXFileReference; lastKnownFileType = file; path = "quicksand-500.ttf"; sourceTree = "<group>"; };
		TF0000000000000000000293 /* quicksand-700.ttf */ = {isa = PBXFileReference; lastKnownFileType = file; path = "quicksand-700.ttf"; sourceTree = "<group>"; };
		TF0000000000000000000294 /* source-serif-4-400.ttf */ = {isa = PBXFileReference; lastKnownFileType = file; path = "source-serif-4-400.ttf"; sourceTree = "<group>"; };
		TF0000000000000000000295 /* source-serif-4-600.ttf */ = {isa = PBXFileReference; lastKnownFileType = file; path = "source-serif-4-600.ttf"; sourceTree = "<group>"; };
		TF0000000000000000000296 /* space-grotesk-700.ttf */ = {isa = PBXFileReference; lastKnownFileType = file; path = "space-grotesk-700.ttf"; sourceTree = "<group>"; };
/* End PBXFileReference section */

/* Begin PBXFrameworksBuildPhase section */
		TF0000000000000000000321 /* Frameworks */ = {
			isa = PBXFrameworksBuildPhase;
			buildActionMask = 2147483647;
			files = (
			);
			runOnlyForDeploymentPostprocessing = 0;
		};
		TF0000000000000000000222 /* Frameworks */ = {
			isa = PBXFrameworksBuildPhase;
			buildActionMask = 2147483647;
			files = (
				TF0000000000000000000203 /* TodaysFiveCore in Frameworks */,
			);
			runOnlyForDeploymentPostprocessing = 0;
		};
		TF0000000000000000000020 /* Frameworks */ = {
			isa = PBXFrameworksBuildPhase;
			buildActionMask = 2147483647;
			files = (
				TF0000000000000000000107 /* TodaysFiveCore in Frameworks */,
			);
			runOnlyForDeploymentPostprocessing = 0;
		};
/* End PBXFrameworksBuildPhase section */

/* Begin PBXGroup section */
		TF0000000000000000000310 /* Shared */ = {
			isa = PBXGroup;
			children = (
				TF0000000000000000000260 /* AddToTodaysFive.swift */,
				TF0000000000000000000261 /* TodaysFiveShortcuts.swift */,
				TF0000000000000000000259 /* WatchSnapshot.swift */,
			);
			path = Shared;
			sourceTree = "<group>";
		};
		TF0000000000000000000311 /* TodaysFiveComplications */ = {
			isa = PBXGroup;
			children = (
				TF0000000000000000000300 /* Complications.swift */,
				TF0000000000000000000301 /* ComplicationsProvider.swift */,
				TF0000000000000000000302 /* ComplicationsIntent.swift */,
				TF0000000000000000000303 /* Assets.xcassets */,
			);
			path = TodaysFiveComplications;
			sourceTree = "<group>";
		};
		TF0000000000000000000220 /* TodaysFiveWatch */ = {
			isa = PBXGroup;
			children = (
				TF0000000000000000000210 /* WatchApp.swift */,
				TF0000000000000000000250 /* WatchLinkReceiver.swift */,
				TF0000000000000000000254 /* WatchStore.swift */,
				TF0000000000000000000251 /* TodayView.swift */,
				TF0000000000000000000252 /* OneThingView.swift */,
				TF0000000000000000000253 /* ListPickerView.swift */,
				TF0000000000000000000258 /* AddFlowView.swift */,
				TF0000000000000000000257 /* WatchDictation.swift */,
				TF0000000000000000000255 /* WatchHaptics.swift */,
				TF0000000000000000000256 /* WatchTheme.swift */,
				TF0000000000000000000211 /* Assets.xcassets */,
			);
			path = TodaysFiveWatch;
			sourceTree = "<group>";
		};
		TF0000000000000000000010 = {
			isa = PBXGroup;
			children = (
				TF0000000000000000000012 /* TodaysFive */,
				TF0000000000000000000220 /* TodaysFiveWatch */,
				TF0000000000000000000311 /* TodaysFiveComplications */,
				TF0000000000000000000310 /* Shared */,
				TF0000000000000000000013 /* Config */,
				TF0000000000000000000011 /* Products */,
				TF0000000000000000000312 /* Fonts */,
			);
			sourceTree = "<group>";
		};
		TF0000000000000000000011 /* Products */ = {
			isa = PBXGroup;
			children = (
				TF0000000000000000000009 /* TodaysFive.app */,
				TF0000000000000000000213 /* TodaysFiveWatch.app */,
				TF0000000000000000000306 /* TodaysFiveComplications.appex */,
			);
			name = Products;
			sourceTree = "<group>";
		};
		TF0000000000000000000012 /* TodaysFive */ = {
			isa = PBXGroup;
			children = (
				TF0000000000000000000001 /* App.swift */,
				TF0000000000000000000002 /* WebViewController.swift */,
				TF0000000000000000000003 /* Haptics.swift */,
				TF0000000000000000000004 /* Audio.swift */,
				TF0000000000000000000005 /* KeychainLinkVault.swift */,
				TF0000000000000000000262 /* WatchLinkSender.swift */,
				TF0000000000000000000006 /* Assets.xcassets */,
			);
			path = TodaysFive;
			sourceTree = "<group>";
		};
		TF0000000000000000000013 /* Config */ = {
			isa = PBXGroup;
			children = (
				TF0000000000000000000007 /* Info.plist */,
				TF0000000000000000000212 /* WatchInfo.plist */,
				TF0000000000000000000304 /* ComplicationsInfo.plist */,
				TF0000000000000000000008 /* TodaysFive.entitlements */,
				TF0000000000000000000263 /* TodaysFiveWatch.entitlements */,
				TF0000000000000000000305 /* TodaysFiveComplications.entitlements */,
			);
			path = Config;
			sourceTree = "<group>";
		};
		TF0000000000000000000312 /* Fonts */ = {
			isa = PBXGroup;
			children = (
				TF0000000000000000000264 /* archivo-500.ttf */,
				TF0000000000000000000265 /* archivo-800.ttf */,
				TF0000000000000000000266 /* baloo-2-700.ttf */,
				TF0000000000000000000267 /* cormorant-garamond-700.ttf */,
				TF0000000000000000000268 /* dm-sans-400.ttf */,
				TF0000000000000000000269 /* dm-sans-700.ttf */,
				TF0000000000000000000270 /* dm-serif-display-400.ttf */,
				TF0000000000000000000271 /* fraunces-600.ttf */,
				TF0000000000000000000272 /* fredoka-600.ttf */,
				TF0000000000000000000273 /* ibm-plex-mono-400.ttf */,
				TF0000000000000000000274 /* ibm-plex-mono-600.ttf */,
				TF0000000000000000000275 /* ibm-plex-sans-400.ttf */,
				TF0000000000000000000276 /* ibm-plex-sans-600.ttf */,
				TF0000000000000000000277 /* jetbrains-mono-800.ttf */,
				TF0000000000000000000278 /* josefin-sans-400.ttf */,
				TF0000000000000000000279 /* josefin-sans-700.ttf */,
				TF0000000000000000000280 /* karla-400.ttf */,
				TF0000000000000000000281 /* karla-700.ttf */,
				TF0000000000000000000282 /* lato-900.ttf */,
				TF0000000000000000000283 /* lora-700.ttf */,
				TF0000000000000000000284 /* manrope-500.ttf */,
				TF0000000000000000000285 /* manrope-800.ttf */,
				TF0000000000000000000286 /* nunito-sans-400.ttf */,
				TF0000000000000000000287 /* nunito-sans-700.ttf */,
				TF0000000000000000000288 /* outfit-800.ttf */,
				TF0000000000000000000289 /* playfair-display-800.ttf */,
				TF0000000000000000000290 /* pt-sans-400.ttf */,
				TF0000000000000000000291 /* pt-sans-700.ttf */,
				TF0000000000000000000292 /* quicksand-500.ttf */,
				TF0000000000000000000293 /* quicksand-700.ttf */,
				TF0000000000000000000294 /* source-serif-4-400.ttf */,
				TF0000000000000000000295 /* source-serif-4-600.ttf */,
				TF0000000000000000000296 /* space-grotesk-700.ttf */,
			);
			name = Fonts;
			path = Fonts;
			sourceTree = "<group>";
		};
/* End PBXGroup section */

/* Begin PBXNativeTarget section */
		TF0000000000000000000330 /* TodaysFiveComplications */ = {
			isa = PBXNativeTarget;
			buildConfigurationList = TF0000000000000000000340 /* Build configuration list for PBXNativeTarget "TodaysFiveComplications" */;
			buildPhases = (
				TF0000000000000000000320 /* Sources */,
				TF0000000000000000000321 /* Frameworks */,
				TF0000000000000000000322 /* Resources */,
			);
			buildRules = (
			);
			dependencies = (
			);
			name = TodaysFiveComplications;
			productName = TodaysFiveComplications;
			productReference = TF0000000000000000000306 /* TodaysFiveComplications.appex */;
			productType = "com.apple.product-type.app-extension";
		};
		TF0000000000000000000230 /* TodaysFiveWatch */ = {
			isa = PBXNativeTarget;
			buildConfigurationList = TF0000000000000000000240 /* Build configuration list for PBXNativeTarget "TodaysFiveWatch" */;
			buildPhases = (
				TF0000000000000000000221 /* Sources */,
				TF0000000000000000000222 /* Frameworks */,
				TF0000000000000000000223 /* Resources */,
				TF0000000000000000000323 /* Embed Foundation Extensions */,
			);
			buildRules = (
			);
			dependencies = (
				TF0000000000000000000332 /* PBXTargetDependency */,
			);
			name = TodaysFiveWatch;
			packageProductDependencies = (
				TF0000000000000000000231 /* TodaysFiveCore */,
			);
			productName = TodaysFiveWatch;
			productReference = TF0000000000000000000213 /* TodaysFiveWatch.app */;
			productType = "com.apple.product-type.application";
		};
		TF0000000000000000000030 /* TodaysFive */ = {
			isa = PBXNativeTarget;
			buildConfigurationList = TF0000000000000000000042 /* Build configuration list for PBXNativeTarget "TodaysFive" */;
			buildPhases = (
				TF0000000000000000000021 /* Sources */,
				TF0000000000000000000020 /* Frameworks */,
				TF0000000000000000000022 /* Resources */,
				TF0000000000000000000224 /* Embed Watch Content */,
			);
			buildRules = (
			);
			dependencies = (
				TF0000000000000000000232 /* PBXTargetDependency */,
			);
			name = TodaysFive;
			packageProductDependencies = (
				TF0000000000000000000032 /* TodaysFiveCore */,
			);
			productName = TodaysFive;
			productReference = TF0000000000000000000009 /* TodaysFive.app */;
			productType = "com.apple.product-type.application";
		};
/* End PBXNativeTarget section */

/* Begin PBXProject section */
		TF0000000000000000000040 /* Project object */ = {
			isa = PBXProject;
			attributes = {
				BuildIndependentTargetsInParallel = 1;
				LastSwiftUpdateCheck = 2660;
				LastUpgradeCheck = 2660;
				TargetAttributes = {
					TF0000000000000000000030 = {
						CreatedOnToolsVersion = 26.6;
					};
					TF0000000000000000000230 = {
						CreatedOnToolsVersion = 26.6;
					};
					TF0000000000000000000330 = {
						CreatedOnToolsVersion = 26.6;
					};
				};
			};
			buildConfigurationList = TF0000000000000000000041 /* Build configuration list for PBXProject "TodaysFive" */;
			compatibilityVersion = "Xcode 14.0";
			developmentRegion = en;
			hasScannedForEncodings = 0;
			knownRegions = (
				en,
				Base,
			);
			mainGroup = TF0000000000000000000010;
			packageReferences = (
				TF0000000000000000000031 /* XCLocalSwiftPackageReference "../TodaysFiveCore" */,
			);
			productRefGroup = TF0000000000000000000011 /* Products */;
			projectDirPath = "";
			projectRoot = "";
			targets = (
				TF0000000000000000000030 /* TodaysFive */,
				TF0000000000000000000230 /* TodaysFiveWatch */,
				TF0000000000000000000330 /* TodaysFiveComplications */,
			);
		};
/* End PBXProject section */

/* Begin PBXContainerItemProxy section */
		TF0000000000000000000333 /* PBXContainerItemProxy */ = {
			isa = PBXContainerItemProxy;
			containerPortal = TF0000000000000000000040 /* Project object */;
			proxyType = 1;
			remoteGlobalIDString = TF0000000000000000000330;
			remoteInfo = TodaysFiveComplications;
		};
		TF0000000000000000000233 /* PBXContainerItemProxy */ = {
			isa = PBXContainerItemProxy;
			containerPortal = TF0000000000000000000040 /* Project object */;
			proxyType = 1;
			remoteGlobalIDString = TF0000000000000000000230;
			remoteInfo = TodaysFiveWatch;
		};
/* End PBXContainerItemProxy section */

/* Begin PBXTargetDependency section */
		TF0000000000000000000332 /* PBXTargetDependency */ = {
			isa = PBXTargetDependency;
			target = TF0000000000000000000330 /* TodaysFiveComplications */;
			targetProxy = TF0000000000000000000333 /* PBXContainerItemProxy */;
		};
		TF0000000000000000000232 /* PBXTargetDependency */ = {
			isa = PBXTargetDependency;
			target = TF0000000000000000000230 /* TodaysFiveWatch */;
			targetProxy = TF0000000000000000000233 /* PBXContainerItemProxy */;
		};
/* End PBXTargetDependency section */

/* Begin PBXResourcesBuildPhase section */
		TF0000000000000000000322 /* Resources */ = {
			isa = PBXResourcesBuildPhase;
			buildActionMask = 2147483647;
			files = (
				TF0000000000000000000434 /* Assets.xcassets in Resources */,
			);
			runOnlyForDeploymentPostprocessing = 0;
		};
		TF0000000000000000000223 /* Resources */ = {
			isa = PBXResourcesBuildPhase;
			buildActionMask = 2147483647;
			files = (
				TF0000000000000000000202 /* Assets.xcassets in Resources */,
				TF0000000000000000000436 /* archivo-500.ttf in Resources */,
				TF0000000000000000000437 /* archivo-800.ttf in Resources */,
				TF0000000000000000000438 /* baloo-2-700.ttf in Resources */,
				TF0000000000000000000439 /* cormorant-garamond-700.ttf in Resources */,
				TF0000000000000000000440 /* dm-sans-400.ttf in Resources */,
				TF0000000000000000000441 /* dm-sans-700.ttf in Resources */,
				TF0000000000000000000442 /* dm-serif-display-400.ttf in Resources */,
				TF0000000000000000000443 /* fraunces-600.ttf in Resources */,
				TF0000000000000000000444 /* fredoka-600.ttf in Resources */,
				TF0000000000000000000445 /* ibm-plex-mono-400.ttf in Resources */,
				TF0000000000000000000446 /* ibm-plex-mono-600.ttf in Resources */,
				TF0000000000000000000447 /* ibm-plex-sans-400.ttf in Resources */,
				TF0000000000000000000448 /* ibm-plex-sans-600.ttf in Resources */,
				TF0000000000000000000449 /* jetbrains-mono-800.ttf in Resources */,
				TF0000000000000000000450 /* josefin-sans-400.ttf in Resources */,
				TF0000000000000000000451 /* josefin-sans-700.ttf in Resources */,
				TF0000000000000000000452 /* karla-400.ttf in Resources */,
				TF0000000000000000000453 /* karla-700.ttf in Resources */,
				TF0000000000000000000454 /* lato-900.ttf in Resources */,
				TF0000000000000000000455 /* lora-700.ttf in Resources */,
				TF0000000000000000000456 /* manrope-500.ttf in Resources */,
				TF0000000000000000000457 /* manrope-800.ttf in Resources */,
				TF0000000000000000000458 /* nunito-sans-400.ttf in Resources */,
				TF0000000000000000000459 /* nunito-sans-700.ttf in Resources */,
				TF0000000000000000000460 /* outfit-800.ttf in Resources */,
				TF0000000000000000000461 /* playfair-display-800.ttf in Resources */,
				TF0000000000000000000462 /* pt-sans-400.ttf in Resources */,
				TF0000000000000000000463 /* pt-sans-700.ttf in Resources */,
				TF0000000000000000000464 /* quicksand-500.ttf in Resources */,
				TF0000000000000000000465 /* quicksand-700.ttf in Resources */,
				TF0000000000000000000466 /* source-serif-4-400.ttf in Resources */,
				TF0000000000000000000467 /* source-serif-4-600.ttf in Resources */,
				TF0000000000000000000468 /* space-grotesk-700.ttf in Resources */,
			);
			runOnlyForDeploymentPostprocessing = 0;
		};
		TF0000000000000000000022 /* Resources */ = {
			isa = PBXResourcesBuildPhase;
			buildActionMask = 2147483647;
			files = (
				TF0000000000000000000106 /* Assets.xcassets in Resources */,
			);
			runOnlyForDeploymentPostprocessing = 0;
		};
/* End PBXResourcesBuildPhase section */

/* Begin PBXSourcesBuildPhase section */
		TF0000000000000000000320 /* Sources */ = {
			isa = PBXSourcesBuildPhase;
			buildActionMask = 2147483647;
			files = (
				TF0000000000000000000430 /* Complications.swift in Sources */,
				TF0000000000000000000431 /* ComplicationsProvider.swift in Sources */,
				TF0000000000000000000432 /* ComplicationsIntent.swift in Sources */,
				TF0000000000000000000433 /* WatchSnapshot.swift in Sources */,
			);
			runOnlyForDeploymentPostprocessing = 0;
		};
		TF0000000000000000000221 /* Sources */ = {
			isa = PBXSourcesBuildPhase;
			buildActionMask = 2147483647;
			files = (
				TF0000000000000000000201 /* WatchApp.swift in Sources */,
				TF0000000000000000000401 /* WatchLinkReceiver.swift in Sources */,
				TF0000000000000000000402 /* TodayView.swift in Sources */,
				TF0000000000000000000403 /* OneThingView.swift in Sources */,
				TF0000000000000000000404 /* ListPickerView.swift in Sources */,
				TF0000000000000000000405 /* WatchStore.swift in Sources */,
				TF0000000000000000000406 /* WatchHaptics.swift in Sources */,
				TF0000000000000000000407 /* WatchTheme.swift in Sources */,
				TF0000000000000000000408 /* WatchDictation.swift in Sources */,
				TF0000000000000000000409 /* AddFlowView.swift in Sources */,
				TF0000000000000000000410 /* WatchSnapshot.swift in Sources */,
				TF0000000000000000000411 /* AddToTodaysFive.swift in Sources */,
				TF0000000000000000000412 /* TodaysFiveShortcuts.swift in Sources */,
				TF0000000000000000000413 /* KeychainLinkVault.swift in Sources */,
			);
			runOnlyForDeploymentPostprocessing = 0;
		};
		TF0000000000000000000021 /* Sources */ = {
			isa = PBXSourcesBuildPhase;
			buildActionMask = 2147483647;
			files = (
				TF0000000000000000000101 /* App.swift in Sources */,
				TF0000000000000000000102 /* WebViewController.swift in Sources */,
				TF0000000000000000000103 /* Haptics.swift in Sources */,
				TF0000000000000000000104 /* Audio.swift in Sources */,
				TF0000000000000000000105 /* KeychainLinkVault.swift in Sources */,
				TF0000000000000000000420 /* WatchLinkSender.swift in Sources */,
				TF0000000000000000000421 /* AddToTodaysFive.swift in Sources */,
				TF0000000000000000000422 /* TodaysFiveShortcuts.swift in Sources */,
			);
			runOnlyForDeploymentPostprocessing = 0;
		};
/* End PBXSourcesBuildPhase section */

/* Begin XCBuildConfiguration section */
		TF0000000000000000000341 /* Debug */ = {
			isa = XCBuildConfiguration;
			buildSettings = {
				ASSETCATALOG_COMPILER_GLOBAL_ACCENT_COLOR_NAME = AccentColor;
				ASSETCATALOG_COMPILER_WIDGET_BACKGROUND_COLOR_NAME = WidgetBackground;
				CODE_SIGN_ENTITLEMENTS = Config/TodaysFiveComplications.entitlements;
				CODE_SIGN_STYLE = Automatic;
				CURRENT_PROJECT_VERSION = 212;
				DEVELOPMENT_TEAM = T7GTZC5US9;
				ENABLE_PREVIEWS = NO;
				GENERATE_INFOPLIST_FILE = NO;
				INFOPLIST_FILE = Config/ComplicationsInfo.plist;
				LD_RUNPATH_SEARCH_PATHS = (
					"$(inherited)",
					"@executable_path/Frameworks",
					"@executable_path/../../Frameworks",
					"@executable_path/../../../../Frameworks",
				);
				MARKETING_VERSION = 1.12;
				PRODUCT_BUNDLE_IDENTIFIER = com.pricebrannen.todaysfive.watchkitapp.complications;
				PRODUCT_NAME = "$(TARGET_NAME)";
				SDKROOT = watchos;
				SKIP_INSTALL = YES;
				SWIFT_EMIT_LOC_STRINGS = NO;
				TARGETED_DEVICE_FAMILY = 4;
				WATCHOS_DEPLOYMENT_TARGET = 11.0;
			};
			name = Debug;
		};
		TF0000000000000000000342 /* Release */ = {
			isa = XCBuildConfiguration;
			buildSettings = {
				ASSETCATALOG_COMPILER_GLOBAL_ACCENT_COLOR_NAME = AccentColor;
				ASSETCATALOG_COMPILER_WIDGET_BACKGROUND_COLOR_NAME = WidgetBackground;
				CODE_SIGN_ENTITLEMENTS = Config/TodaysFiveComplications.entitlements;
				CODE_SIGN_STYLE = Automatic;
				CURRENT_PROJECT_VERSION = 212;
				DEVELOPMENT_TEAM = T7GTZC5US9;
				ENABLE_PREVIEWS = NO;
				GENERATE_INFOPLIST_FILE = NO;
				INFOPLIST_FILE = Config/ComplicationsInfo.plist;
				LD_RUNPATH_SEARCH_PATHS = (
					"$(inherited)",
					"@executable_path/Frameworks",
					"@executable_path/../../Frameworks",
					"@executable_path/../../../../Frameworks",
				);
				MARKETING_VERSION = 1.12;
				PRODUCT_BUNDLE_IDENTIFIER = com.pricebrannen.todaysfive.watchkitapp.complications;
				PRODUCT_NAME = "$(TARGET_NAME)";
				SDKROOT = watchos;
				SKIP_INSTALL = YES;
				SWIFT_EMIT_LOC_STRINGS = NO;
				TARGETED_DEVICE_FAMILY = 4;
				WATCHOS_DEPLOYMENT_TARGET = 11.0;
			};
			name = Release;
		};
		TF0000000000000000000241 /* Debug */ = {
			isa = XCBuildConfiguration;
			buildSettings = {
				ASSETCATALOG_COMPILER_APPICON_NAME = AppIcon;
				ASSETCATALOG_COMPILER_GLOBAL_ACCENT_COLOR_NAME = AccentColor;
				CODE_SIGN_ENTITLEMENTS = Config/TodaysFiveWatch.entitlements;
				CODE_SIGN_STYLE = Automatic;
				CURRENT_PROJECT_VERSION = 212;
				DEVELOPMENT_TEAM = T7GTZC5US9;
				ENABLE_PREVIEWS = NO;
				GENERATE_INFOPLIST_FILE = NO;
				INFOPLIST_FILE = Config/WatchInfo.plist;
				LD_RUNPATH_SEARCH_PATHS = (
					"$(inherited)",
					"@executable_path/Frameworks",
				);
				MARKETING_VERSION = 1.12;
				PRODUCT_BUNDLE_IDENTIFIER = com.pricebrannen.todaysfive.watchkitapp;
				PRODUCT_NAME = "$(TARGET_NAME)";
				SDKROOT = watchos;
				SKIP_INSTALL = YES;
				SWIFT_EMIT_LOC_STRINGS = NO;
				TARGETED_DEVICE_FAMILY = 4;
				WATCHOS_DEPLOYMENT_TARGET = 11.0;
			};
			name = Debug;
		};
		TF0000000000000000000242 /* Release */ = {
			isa = XCBuildConfiguration;
			buildSettings = {
				ASSETCATALOG_COMPILER_APPICON_NAME = AppIcon;
				ASSETCATALOG_COMPILER_GLOBAL_ACCENT_COLOR_NAME = AccentColor;
				CODE_SIGN_ENTITLEMENTS = Config/TodaysFiveWatch.entitlements;
				CODE_SIGN_STYLE = Automatic;
				CURRENT_PROJECT_VERSION = 212;
				DEVELOPMENT_TEAM = T7GTZC5US9;
				ENABLE_PREVIEWS = NO;
				GENERATE_INFOPLIST_FILE = NO;
				INFOPLIST_FILE = Config/WatchInfo.plist;
				LD_RUNPATH_SEARCH_PATHS = (
					"$(inherited)",
					"@executable_path/Frameworks",
				);
				MARKETING_VERSION = 1.12;
				PRODUCT_BUNDLE_IDENTIFIER = com.pricebrannen.todaysfive.watchkitapp;
				PRODUCT_NAME = "$(TARGET_NAME)";
				SDKROOT = watchos;
				SKIP_INSTALL = YES;
				SWIFT_EMIT_LOC_STRINGS = NO;
				TARGETED_DEVICE_FAMILY = 4;
				WATCHOS_DEPLOYMENT_TARGET = 11.0;
			};
			name = Release;
		};
		TF0000000000000000000050 /* Debug */ = {
			isa = XCBuildConfiguration;
			buildSettings = {
				ALWAYS_SEARCH_USER_PATHS = NO;
				CLANG_ENABLE_MODULES = YES;
				CLANG_ENABLE_OBJC_ARC = YES;
				COPY_PHASE_STRIP = NO;
				DEBUG_INFORMATION_FORMAT = dwarf;
				ENABLE_STRICT_OBJC_MSGSEND = YES;
				ENABLE_TESTABILITY = YES;
				ENABLE_USER_SCRIPT_SANDBOXING = YES;
				GCC_C_LANGUAGE_STANDARD = gnu17;
				GCC_NO_COMMON_BLOCKS = YES;
				GCC_OPTIMIZATION_LEVEL = 0;
				GCC_PREPROCESSOR_DEFINITIONS = (
					"DEBUG=1",
					"$(inherited)",
				);
				IPHONEOS_DEPLOYMENT_TARGET = 17.0;
				MTL_ENABLE_DEBUG_INFO = INCLUDE_SOURCE;
				ONLY_ACTIVE_ARCH = YES;
				SDKROOT = iphoneos;
				SWIFT_ACTIVE_COMPILATION_CONDITIONS = "DEBUG $(inherited)";
				SWIFT_OPTIMIZATION_LEVEL = "-Onone";
				SWIFT_STRICT_CONCURRENCY = complete;
				SWIFT_VERSION = 6.0;
			};
			name = Debug;
		};
		TF0000000000000000000051 /* Release */ = {
			isa = XCBuildConfiguration;
			buildSettings = {
				ALWAYS_SEARCH_USER_PATHS = NO;
				CLANG_ENABLE_MODULES = YES;
				CLANG_ENABLE_OBJC_ARC = YES;
				COPY_PHASE_STRIP = NO;
				DEBUG_INFORMATION_FORMAT = "dwarf-with-dsym";
				ENABLE_NS_ASSERTIONS = NO;
				ENABLE_STRICT_OBJC_MSGSEND = YES;
				ENABLE_USER_SCRIPT_SANDBOXING = YES;
				GCC_C_LANGUAGE_STANDARD = gnu17;
				GCC_NO_COMMON_BLOCKS = YES;
				IPHONEOS_DEPLOYMENT_TARGET = 17.0;
				MTL_ENABLE_DEBUG_INFO = NO;
				SDKROOT = iphoneos;
				SWIFT_COMPILATION_MODE = wholemodule;
				SWIFT_STRICT_CONCURRENCY = complete;
				SWIFT_VERSION = 6.0;
				VALIDATE_PRODUCT = YES;
			};
			name = Release;
		};
		TF0000000000000000000052 /* Debug */ = {
			isa = XCBuildConfiguration;
			buildSettings = {
				ASSETCATALOG_COMPILER_APPICON_NAME = AppIcon;
				CODE_SIGN_ENTITLEMENTS = Config/TodaysFive.entitlements;
				CODE_SIGN_STYLE = Automatic;
				CURRENT_PROJECT_VERSION = 212;
				DEVELOPMENT_TEAM = T7GTZC5US9;
				ENABLE_PREVIEWS = NO;
				GENERATE_INFOPLIST_FILE = NO;
				INFOPLIST_FILE = Config/Info.plist;
				LD_RUNPATH_SEARCH_PATHS = (
					"$(inherited)",
					"@executable_path/Frameworks",
				);
				MARKETING_VERSION = 1.12;
				PRODUCT_BUNDLE_IDENTIFIER = com.pricebrannen.todaysfive;
				PRODUCT_NAME = "$(TARGET_NAME)";
				SWIFT_EMIT_LOC_STRINGS = NO;
				TARGETED_DEVICE_FAMILY = 1;
			};
			name = Debug;
		};
		TF0000000000000000000053 /* Release */ = {
			isa = XCBuildConfiguration;
			buildSettings = {
				ASSETCATALOG_COMPILER_APPICON_NAME = AppIcon;
				CODE_SIGN_ENTITLEMENTS = Config/TodaysFive.entitlements;
				CODE_SIGN_STYLE = Automatic;
				CURRENT_PROJECT_VERSION = 212;
				DEVELOPMENT_TEAM = T7GTZC5US9;
				ENABLE_PREVIEWS = NO;
				GENERATE_INFOPLIST_FILE = NO;
				INFOPLIST_FILE = Config/Info.plist;
				LD_RUNPATH_SEARCH_PATHS = (
					"$(inherited)",
					"@executable_path/Frameworks",
				);
				MARKETING_VERSION = 1.12;
				PRODUCT_BUNDLE_IDENTIFIER = com.pricebrannen.todaysfive;
				PRODUCT_NAME = "$(TARGET_NAME)";
				SWIFT_EMIT_LOC_STRINGS = NO;
				TARGETED_DEVICE_FAMILY = 1;
			};
			name = Release;
		};
/* End XCBuildConfiguration section */

/* Begin XCConfigurationList section */
		TF0000000000000000000340 /* Build configuration list for PBXNativeTarget "TodaysFiveComplications" */ = {
			isa = XCConfigurationList;
			buildConfigurations = (
				TF0000000000000000000341 /* Debug */,
				TF0000000000000000000342 /* Release */,
			);
			defaultConfigurationIsVisible = 0;
			defaultConfigurationName = Release;
		};
		TF0000000000000000000240 /* Build configuration list for PBXNativeTarget "TodaysFiveWatch" */ = {
			isa = XCConfigurationList;
			buildConfigurations = (
				TF0000000000000000000241 /* Debug */,
				TF0000000000000000000242 /* Release */,
			);
			defaultConfigurationIsVisible = 0;
			defaultConfigurationName = Release;
		};
		TF0000000000000000000041 /* Build configuration list for PBXProject "TodaysFive" */ = {
			isa = XCConfigurationList;
			buildConfigurations = (
				TF0000000000000000000050 /* Debug */,
				TF0000000000000000000051 /* Release */,
			);
			defaultConfigurationIsVisible = 0;
			defaultConfigurationName = Release;
		};
		TF0000000000000000000042 /* Build configuration list for PBXNativeTarget "TodaysFive" */ = {
			isa = XCConfigurationList;
			buildConfigurations = (
				TF0000000000000000000052 /* Debug */,
				TF0000000000000000000053 /* Release */,
			);
			defaultConfigurationIsVisible = 0;
			defaultConfigurationName = Release;
		};
/* End XCConfigurationList section */

/* Begin XCLocalSwiftPackageReference section */
		TF0000000000000000000031 /* XCLocalSwiftPackageReference "../TodaysFiveCore" */ = {
			isa = XCLocalSwiftPackageReference;
			relativePath = ../TodaysFiveCore;
		};
/* End XCLocalSwiftPackageReference section */

/* Begin XCSwiftPackageProductDependency section */
		TF0000000000000000000231 /* TodaysFiveCore */ = {
			isa = XCSwiftPackageProductDependency;
			productName = TodaysFiveCore;
		};
		TF0000000000000000000032 /* TodaysFiveCore */ = {
			isa = XCSwiftPackageProductDependency;
			productName = TodaysFiveCore;
		};
/* End XCSwiftPackageProductDependency section */
	};
	rootObject = TF0000000000000000000040 /* Project object */;
}
